{
  "version": 4,
  "terraform_version": "0.14.4",
  "serial": 373,
  "lineage": "4d570dfc-c7a8-1d6e-44ed-f6b5ca390bde",
  "outputs": {
    "load_balancer_ip_address": {
      "value": "34.98.73.60",
      "type": "string"
    }
  },
  "resources": [
    {
      "mode": "managed",
      "type": "google_compute_autoscaler",
      "name": "api",
      "provider": "provider[\"registry.terraform.io/hashicorp/google\"]",
      "instances": [
        {
          "schema_version": 0,
          "attributes": {
            "autoscaling_policy": [
              {
                "cooldown_period": 60,
                "cpu_utilization": [
                  {
                    "target": 0.7
                  }
                ],
                "load_balancing_utilization": [],
                "max_replicas": 3,
                "metric": [],
                "min_replicas": 1,
                "mode": "ON"
              }
            ],
            "creation_timestamp": "2021-02-20T13:45:21.806-08:00",
            "description": "",
            "id": "projects/my-project-6008-302417/zones/us-central1-c/autoscalers/instance-autoscaler",
            "name": "instance-autoscaler",
            "project": "my-project-6008-302417",
            "self_link": "https://www.googleapis.com/compute/v1/projects/my-project-6008-302417/zones/us-central1-c/autoscalers/instance-autoscaler",
            "target": "https://www.googleapis.com/compute/v1/projects/my-project-6008-302417/zones/us-central1-c/instanceGroupManagers/ait-instance-instance-group",
            "timeouts": null,
            "zone": "https://www.googleapis.com/compute/v1/projects/my-project-6008-302417/zones/us-central1-c"
          },
          "sensitive_attributes": [],
          "private": "eyJlMmJmYjczMC1lY2FhLTExZTYtOGY4OC0zNDM2M2JjN2M0YzAiOnsiY3JlYXRlIjoyNDAwMDAwMDAwMDAsImRlbGV0ZSI6MjQwMDAwMDAwMDAwLCJ1cGRhdGUiOjI0MDAwMDAwMDAwMH19",
          "dependencies": [
            "google_compute_health_check.default",
            "google_compute_instance_group_manager.api",
            "google_compute_instance_template.api"
          ]
        }
      ]
    },
    {
      "mode": "managed",
      "type": "google_compute_backend_bucket",
      "name": "static",
      "provider": "provider[\"registry.terraform.io/hashicorp/google\"]",
      "instances": [
        {
          "schema_version": 0,
          "attributes": {
            "bucket_name": "ait-instance-bucket",
            "cdn_policy": [],
            "creation_timestamp": "2021-02-20T13:44:41.634-08:00",
            "description": "",
            "enable_cdn": false,
            "id": "projects/my-project-6008-302417/global/backendBuckets/ait-instance-backend-bucket",
            "name": "ait-instance-backend-bucket",
            "project": "my-project-6008-302417",
            "self_link": "https://www.googleapis.com/compute/v1/projects/my-project-6008-302417/global/backendBuckets/ait-instance-backend-bucket",
            "timeouts": null
          },
          "sensitive_attributes": [],
          "private": "eyJlMmJmYjczMC1lY2FhLTExZTYtOGY4OC0zNDM2M2JjN2M0YzAiOnsiY3JlYXRlIjoyNDAwMDAwMDAwMDAsImRlbGV0ZSI6MjQwMDAwMDAwMDAwLCJ1cGRhdGUiOjI0MDAwMDAwMDAwMH19",
          "dependencies": [
            "google_storage_bucket.static"
          ]
        }
      ]
    },
    {
      "mode": "managed",
      "type": "google_compute_backend_service",
      "name": "api",
      "provider": "provider[\"registry.terraform.io/hashicorp/google\"]",
      "instances": [
        {
          "schema_version": 1,
          "attributes": {
            "affinity_cookie_ttl_sec": 0,
            "backend": [],
            "cdn_policy": [],
            "circuit_breakers": [],
            "connection_draining_timeout_sec": 300,
            "consistent_hash": [],
            "creation_timestamp": "2021-02-20T13:45:20.012-08:00",
            "custom_request_headers": null,
            "description": "API Backend for ait-instance",
            "enable_cdn": false,
            "fingerprint": "08OB3J9Xbv4=",
            "health_checks": [
              "https://www.googleapis.com/compute/v1/projects/my-project-6008-302417/global/healthChecks/ait-instance-hc"
            ],
            "iap": [],
            "id": "projects/my-project-6008-302417/global/backendServices/ait-instance-api",
            "load_balancing_scheme": "EXTERNAL",
            "locality_lb_policy": "",
            "log_config": [],
            "name": "ait-instance-api",
            "outlier_detection": [],
            "port_name": "http",
            "project": "my-project-6008-302417",
            "protocol": "HTTP",
            "security_policy": "",
            "self_link": "https://www.googleapis.com/compute/v1/projects/my-project-6008-302417/global/backendServices/ait-instance-api",
            "session_affinity": "NONE",
            "timeout_sec": 10,
            "timeouts": null
          },
          "sensitive_attributes": [],
          "private": "eyJlMmJmYjczMC1lY2FhLTExZTYtOGY4OC0zNDM2M2JjN2M0YzAiOnsiY3JlYXRlIjoyNDAwMDAwMDAwMDAsImRlbGV0ZSI6MjQwMDAwMDAwMDAwLCJ1cGRhdGUiOjI0MDAwMDAwMDAwMH0sInNjaGVtYV92ZXJzaW9uIjoiMSJ9",
          "dependencies": [
            "google_compute_health_check.default",
            "google_compute_instance_group_manager.api",
            "google_compute_instance_template.api"
          ]
        }
      ]
    },
    {
      "mode": "managed",
      "type": "google_compute_firewall",
      "name": "firewall",
      "provider": "provider[\"registry.terraform.io/hashicorp/google\"]",
      "instances": [
        {
          "schema_version": 1,
          "attributes": {
            "allow": [
              {
                "ports": [
                  "80"
                ],
                "protocol": "tcp"
              }
            ],
            "creation_timestamp": "2021-02-20T13:44:40.137-08:00",
            "deny": [],
            "description": "",
            "destination_ranges": [],
            "direction": "INGRESS",
            "disabled": false,
            "enable_logging": null,
            "id": "projects/my-project-6008-302417/global/firewalls/ait-instance-fw",
            "log_config": [],
            "name": "ait-instance-fw",
            "network": "https://www.googleapis.com/compute/v1/projects/my-project-6008-302417/global/networks/default",
            "priority": 1000,
            "project": "my-project-6008-302417",
            "self_link": "https://www.googleapis.com/compute/v1/projects/my-project-6008-302417/global/firewalls/ait-instance-fw",
            "source_ranges": [
              "130.211.0.0/22",
              "35.191.0.0/16"
            ],
            "source_service_accounts": null,
            "source_tags": [
              "http-server"
            ],
            "target_service_accounts": null,
            "target_tags": [
              "http-server"
            ],
            "timeouts": null
          },
          "sensitive_attributes": [],
          "private": "eyJlMmJmYjczMC1lY2FhLTExZTYtOGY4OC0zNDM2M2JjN2M0YzAiOnsiY3JlYXRlIjoyNDAwMDAwMDAwMDAsImRlbGV0ZSI6MjQwMDAwMDAwMDAwLCJ1cGRhdGUiOjI0MDAwMDAwMDAwMH0sInNjaGVtYV92ZXJzaW9uIjoiMSJ9"
        }
      ]
    },
    {
      "mode": "managed",
      "type": "google_compute_health_check",
      "name": "default",
      "provider": "provider[\"registry.terraform.io/hashicorp/google\"]",
      "instances": [
        {
          "schema_version": 0,
          "attributes": {
            "check_interval_sec": 5,
            "creation_timestamp": "2021-02-20T13:44:40.199-08:00",
            "description": "",
            "grpc_health_check": [],
            "healthy_threshold": 2,
            "http2_health_check": [],
            "http_health_check": [
              {
                "host": "",
                "port": 80,
                "port_name": "",
                "port_specification": "",
                "proxy_header": "NONE",
                "request_path": "/api",
                "response": ""
              }
            ],
            "https_health_check": [],
            "id": "projects/my-project-6008-302417/global/healthChecks/ait-instance-hc",
            "name": "ait-instance-hc",
            "project": "my-project-6008-302417",
            "self_link": "https://www.googleapis.com/compute/v1/projects/my-project-6008-302417/global/healthChecks/ait-instance-hc",
            "ssl_health_check": [],
            "tcp_health_check": [],
            "timeout_sec": 5,
            "timeouts": null,
            "type": "HTTP",
            "unhealthy_threshold": 2
          },
          "sensitive_attributes": [],
          "private": "eyJlMmJmYjczMC1lY2FhLTExZTYtOGY4OC0zNDM2M2JjN2M0YzAiOnsiY3JlYXRlIjoyNDAwMDAwMDAwMDAsImRlbGV0ZSI6MjQwMDAwMDAwMDAwLCJ1cGRhdGUiOjI0MDAwMDAwMDAwMH19"
        }
      ]
    },
    {
      "mode": "managed",
      "type": "google_compute_instance_group_manager",
      "name": "api",
      "provider": "provider[\"registry.terraform.io/hashicorp/google\"]",
      "instances": [
        {
          "schema_version": 0,
          "attributes": {
            "auto_healing_policies": [
              {
                "health_check": "https://www.googleapis.com/compute/beta/projects/my-project-6008-302417/global/healthChecks/ait-instance-hc",
                "initial_delay_sec": 300
              }
            ],
            "base_instance_name": "ait-instance-1",
            "description": "",
            "fingerprint": "jZUurhVa948=",
            "id": "projects/my-project-6008-302417/zones/us-central1-c/instanceGroupManagers/ait-instance-instance-group",
            "instance_group": "https://www.googleapis.com/compute/v1/projects/my-project-6008-302417/zones/us-central1-c/instanceGroups/ait-instance-instance-group",
            "name": "ait-instance-instance-group",
            "named_port": [
              {
                "name": "http",
                "port": 80
              }
            ],
            "operation": null,
            "project": "my-project-6008-302417",
            "self_link": "https://www.googleapis.com/compute/v1/projects/my-project-6008-302417/zones/us-central1-c/instanceGroupManagers/ait-instance-instance-group",
            "stateful_disk": [],
            "target_pools": null,
            "target_size": 3,
            "timeouts": null,
            "update_policy": [
              {
                "max_surge_fixed": 1,
                "max_surge_percent": 0,
                "max_unavailable_fixed": 1,
                "max_unavailable_percent": 0,
                "min_ready_sec": 0,
                "minimal_action": "REPLACE",
                "type": "OPPORTUNISTIC"
              }
            ],
            "version": [
              {
                "instance_template": "https://www.googleapis.com/compute/v1/projects/my-project-6008-302417/global/instanceTemplates/ait-instance-instance",
                "name": "",
                "target_size": []
              }
            ],
            "wait_for_instances": false,
            "zone": "us-central1-c"
          },
          "sensitive_attributes": [],
          "private": "eyJlMmJmYjczMC1lY2FhLTExZTYtOGY4OC0zNDM2M2JjN2M0YzAiOnsiY3JlYXRlIjozMDAwMDAwMDAwMDAsImRlbGV0ZSI6OTAwMDAwMDAwMDAwLCJ1cGRhdGUiOjMwMDAwMDAwMDAwMH19",
          "dependencies": [
            "google_compute_health_check.default",
            "google_compute_instance_template.api"
          ]
        }
      ]
    },
    {
      "mode": "managed",
      "type": "google_compute_instance_template",
      "name": "api",
      "provider": "provider[\"registry.terraform.io/hashicorp/google\"]",
      "instances": [
        {
          "schema_version": 1,
          "attributes": {
            "can_ip_forward": true,
            "description": "",
            "disk": [
              {
                "auto_delete": true,
                "boot": true,
                "device_name": "persistent-disk-0",
                "disk_encryption_key": [],
                "disk_name": "",
                "disk_size_gb": 20,
                "disk_type": "pd-standard",
                "interface": "SCSI",
                "labels": null,
                "mode": "READ_WRITE",
                "source": "",
                "source_image": "projects/debian-cloud/global/images/family/debian-9",
                "type": "PERSISTENT"
              }
            ],
            "enable_display": null,
            "guest_accelerator": [],
            "id": "projects/my-project-6008-302417/global/instanceTemplates/ait-instance-instance",
            "instance_description": "",
            "labels": {
              "environment": "dev"
            },
            "machine_type": "e2-small",
            "metadata": null,
            "metadata_fingerprint": "Ml6NRhBlzkI=",
            "metadata_startup_script": "#!/bin/bash -xe\n\napt-get update\napt -y install apache2\napt -y install mysql-server\nsudo apt-get install git\n",
            "min_cpu_platform": "",
            "name": "ait-instance-instance",
            "name_prefix": null,
            "network_interface": [
              {
                "access_config": [
                  {
                    "nat_ip": "",
                    "network_tier": "PREMIUM",
                    "public_ptr_domain_name": ""
                  }
                ],
                "alias_ip_range": [],
                "name": "nic0",
                "network": "https://www.googleapis.com/compute/v1/projects/my-project-6008-302417/global/networks/default",
                "network_ip": "",
                "subnetwork": "https://www.googleapis.com/compute/v1/projects/my-project-6008-302417/regions/us-central1/subnetworks/default",
                "subnetwork_project": "my-project-6008-302417"
              }
            ],
            "project": "my-project-6008-302417",
            "region": "us-central1",
            "scheduling": [
              {
                "automatic_restart": true,
                "node_affinities": [],
                "on_host_maintenance": "MIGRATE",
                "preemptible": false
              }
            ],
            "self_link": "https://www.googleapis.com/compute/beta/projects/my-project-6008-302417/global/instanceTemplates/ait-instance-instance",
            "service_account": [],
            "shielded_instance_config": [],
            "tags": [
              "http-server"
            ],
            "tags_fingerprint": "",
            "timeouts": null
          },
          "sensitive_attributes": [],
          "private": "eyJlMmJmYjczMC1lY2FhLTExZTYtOGY4OC0zNDM2M2JjN2M0YzAiOnsiY3JlYXRlIjoyNDAwMDAwMDAwMDAsImRlbGV0ZSI6MjQwMDAwMDAwMDAwfSwic2NoZW1hX3ZlcnNpb24iOiIxIn0="
        }
      ]
    },
    {
      "mode": "managed",
      "type": "google_compute_url_map",
      "name": "urlmap",
      "provider": "provider[\"registry.terraform.io/hashicorp/google\"]",
      "instances": [
        {
          "schema_version": 0,
          "attributes": {
            "creation_timestamp": "2021-02-20T13:45:32.675-08:00",
            "default_route_action": [],
            "default_service": "https://www.googleapis.com/compute/v1/projects/my-project-6008-302417/global/backendBuckets/ait-instance-backend-bucket",
            "default_url_redirect": [],
            "description": "URL map for ait-instance",
            "fingerprint": "vyLrsSqdC8Q=",
            "header_action": [],
            "host_rule": [
              {
                "description": "",
                "hosts": [
                  "*"
                ],
                "path_matcher": "all"
              }
            ],
            "id": "projects/my-project-6008-302417/global/urlMaps/ait-instance-url-map",
            "map_id": 3704060274070535187,
            "name": "ait-instance-url-map",
            "path_matcher": [
              {
                "default_route_action": [],
                "default_service": "https://www.googleapis.com/compute/v1/projects/my-project-6008-302417/global/backendBuckets/ait-instance-backend-bucket",
                "default_url_redirect": [],
                "description": "",
                "header_action": [],
                "name": "all",
                "path_rule": [
                  {
                    "paths": [
                      "/api",
                      "/api/*"
                    ],
                    "route_action": [],
                    "service": "https://www.googleapis.com/compute/v1/projects/my-project-6008-302417/global/backendServices/ait-instance-api",
                    "url_redirect": []
                  }
                ],
                "route_rules": []
              }
            ],
            "project": "my-project-6008-302417",
            "self_link": "https://www.googleapis.com/compute/v1/projects/my-project-6008-302417/global/urlMaps/ait-instance-url-map",
            "test": [],
            "timeouts": null
          },
          "sensitive_attributes": [],
          "private": "eyJlMmJmYjczMC1lY2FhLTExZTYtOGY4OC0zNDM2M2JjN2M0YzAiOnsiY3JlYXRlIjoyNDAwMDAwMDAwMDAsImRlbGV0ZSI6MjQwMDAwMDAwMDAwLCJ1cGRhdGUiOjI0MDAwMDAwMDAwMH19",
          "dependencies": [
            "google_compute_backend_bucket.static",
            "google_compute_backend_service.api",
            "google_compute_health_check.default",
            "google_compute_instance_group_manager.api",
            "google_compute_instance_template.api",
            "google_storage_bucket.static"
          ]
        }
      ]
    },
    {
      "mode": "managed",
      "type": "google_storage_bucket",
      "name": "static",
      "provider": "provider[\"registry.terraform.io/hashicorp/google\"]",
      "instances": [
        {
          "schema_version": 0,
          "attributes": {
            "bucket_policy_only": false,
            "cors": [],
            "default_event_based_hold": false,
            "encryption": [],
            "force_destroy": true,
            "id": "ait-instance-bucket",
            "labels": null,
            "lifecycle_rule": [],
            "location": "US",
            "logging": [],
            "name": "ait-instance-bucket",
            "project": "my-project-6008-302417",
            "requester_pays": false,
            "retention_policy": [],
            "self_link": "https://www.googleapis.com/storage/v1/b/ait-instance-bucket",
            "storage_class": "MULTI_REGIONAL",
            "uniform_bucket_level_access": false,
            "url": "gs://ait-instance-bucket",
            "versioning": [],
            "website": [
              {
                "main_page_suffix": "index.html",
                "not_found_page": "404.html"
              }
            ]
          },
          "sensitive_attributes": [],
          "private": "bnVsbA=="
        }
      ]
    },
    {
      "mode": "managed",
      "type": "google_storage_bucket_object",
      "name": "index",
      "provider": "provider[\"registry.terraform.io/hashicorp/google\"]",
      "instances": [
        {
          "schema_version": 0,
          "attributes": {
            "bucket": "ait-instance-bucket",
            "cache_control": "",
            "content": "Hello, World!",
            "content_disposition": "",
            "content_encoding": "",
            "content_language": "",
            "content_type": "text/plain; charset=utf-8",
            "crc32c": "TVUQaA==",
            "detect_md5hash": "ZajifYh5KDgxtmS9i38K1A==",
            "id": "ait-instance-bucket-index.html",
            "md5hash": "ZajifYh5KDgxtmS9i38K1A==",
            "media_link": "https://storage.googleapis.com/download/storage/v1/b/ait-instance-bucket/o/index.html?generation=1613857483464522\u0026alt=media",
            "metadata": null,
            "name": "index.html",
            "output_name": "index.html",
            "self_link": "https://www.googleapis.com/storage/v1/b/ait-instance-bucket/o/index.html",
            "source": null,
            "storage_class": "MULTI_REGIONAL"
          },
          "sensitive_attributes": [],
          "private": "bnVsbA==",
          "dependencies": [
            "google_storage_bucket.static",
            "google_storage_default_object_acl.website_acl"
          ]
        }
      ]
    },
    {
      "mode": "managed",
      "type": "google_storage_bucket_object",
      "name": "not_found",
      "provider": "provider[\"registry.terraform.io/hashicorp/google\"]",
      "instances": [
        {
          "schema_version": 0,
          "attributes": {
            "bucket": "ait-instance-bucket",
            "cache_control": "",
            "content": "Uh oh",
            "content_disposition": "",
            "content_encoding": "",
            "content_language": "",
            "content_type": "text/plain; charset=utf-8",
            "crc32c": "wiybnA==",
            "detect_md5hash": "d0XQ/ywTPACMWw38GXdeYg==",
            "id": "ait-instance-bucket-404.html",
            "md5hash": "d0XQ/ywTPACMWw38GXdeYg==",
            "media_link": "https://storage.googleapis.com/download/storage/v1/b/ait-instance-bucket/o/404.html?generation=1613857483436265\u0026alt=media",
            "metadata": null,
            "name": "404.html",
            "output_name": "404.html",
            "self_link": "https://www.googleapis.com/storage/v1/b/ait-instance-bucket/o/404.html",
            "source": null,
            "storage_class": "MULTI_REGIONAL"
          },
          "sensitive_attributes": [],
          "private": "bnVsbA==",
          "dependencies": [
            "google_storage_bucket.static",
            "google_storage_default_object_acl.website_acl"
          ]
        }
      ]
    },
    {
      "mode": "managed",
      "type": "google_storage_default_object_acl",
      "name": "website_acl",
      "provider": "provider[\"registry.terraform.io/hashicorp/google\"]",
      "instances": [
        {
          "schema_version": 0,
          "attributes": {
            "bucket": "ait-instance-bucket",
            "id": "ait-instance-bucket",
            "role_entity": [
              "READER:allUsers"
            ]
          },
          "sensitive_attributes": [],
          "private": "bnVsbA==",
          "dependencies": [
            "google_storage_bucket.static"
          ]
        }
      ]
    },
    {
      "module": "module.lb",
      "mode": "managed",
      "type": "google_compute_global_address",
      "name": "default",
      "provider": "provider[\"registry.terraform.io/hashicorp/google\"]",
      "instances": [
        {
          "schema_version": 0,
          "attributes": {
            "address": "34.98.73.60",
            "address_type": "EXTERNAL",
            "creation_timestamp": "2021-02-20T13:44:40.218-08:00",
            "description": "",
            "id": "projects/my-project-6008-302417/global/addresses/ait-instance-address",
            "ip_version": "",
            "name": "ait-instance-address",
            "network": "",
            "prefix_length": 0,
            "project": "my-project-6008-302417",
            "purpose": "",
            "self_link": "https://www.googleapis.com/compute/v1/projects/my-project-6008-302417/global/addresses/ait-instance-address",
            "timeouts": null
          },
          "sensitive_attributes": [],
          "private": "eyJlMmJmYjczMC1lY2FhLTExZTYtOGY4OC0zNDM2M2JjN2M0YzAiOnsiY3JlYXRlIjoyNDAwMDAwMDAwMDAsImRlbGV0ZSI6MjQwMDAwMDAwMDAwfX0="
        }
      ]
    },
    {
      "module": "module.lb",
      "mode": "managed",
      "type": "google_compute_global_forwarding_rule",
      "name": "http",
      "provider": "provider[\"registry.terraform.io/hashicorp/google-beta\"]",
      "instances": [
        {
          "index_key": 0,
          "schema_version": 0,
          "attributes": {
            "description": "",
            "id": "projects/my-project-6008-302417/global/forwardingRules/ait-instance-http-rule",
            "ip_address": "34.98.73.60",
            "ip_protocol": "TCP",
            "ip_version": "",
            "label_fingerprint": "42WmSpB8rSM=",
            "labels": null,
            "load_balancing_scheme": "EXTERNAL",
            "metadata_filters": [],
            "name": "ait-instance-http-rule",
            "network": "",
            "port_range": "80-80",
            "project": "my-project-6008-302417",
            "self_link": "https://www.googleapis.com/compute/v1/projects/my-project-6008-302417/global/forwardingRules/ait-instance-http-rule",
            "target": "https://www.googleapis.com/compute/beta/projects/my-project-6008-302417/global/targetHttpProxies/ait-instance-http-proxy",
            "timeouts": null
          },
          "sensitive_attributes": [],
          "private": "eyJlMmJmYjczMC1lY2FhLTExZTYtOGY4OC0zNDM2M2JjN2M0YzAiOnsiY3JlYXRlIjoyNDAwMDAwMDAwMDAsImRlbGV0ZSI6MjQwMDAwMDAwMDAwLCJ1cGRhdGUiOjI0MDAwMDAwMDAwMH19",
          "dependencies": [
            "google_compute_backend_bucket.static",
            "google_compute_backend_service.api",
            "google_compute_health_check.default",
            "google_compute_instance_group_manager.api",
            "google_compute_instance_template.api",
            "google_compute_url_map.urlmap",
            "google_storage_bucket.static",
            "module.lb.google_compute_global_address.default",
            "module.lb.google_compute_target_http_proxy.http"
          ]
        }
      ]
    },
    {
      "module": "module.lb",
      "mode": "managed",
      "type": "google_compute_target_http_proxy",
      "name": "http",
      "provider": "provider[\"registry.terraform.io/hashicorp/google\"]",
      "instances": [
        {
          "index_key": 0,
          "schema_version": 0,
          "attributes": {
            "creation_timestamp": "2021-02-20T13:45:45.138-08:00",
            "description": "",
            "id": "projects/my-project-6008-302417/global/targetHttpProxies/ait-instance-http-proxy",
            "name": "ait-instance-http-proxy",
            "project": "my-project-6008-302417",
            "proxy_id": 505163048552250854,
            "self_link": "https://www.googleapis.com/compute/v1/projects/my-project-6008-302417/global/targetHttpProxies/ait-instance-http-proxy",
            "timeouts": null,
            "url_map": "https://www.googleapis.com/compute/v1/projects/my-project-6008-302417/global/urlMaps/ait-instance-url-map"
          },
          "sensitive_attributes": [],
          "private": "eyJlMmJmYjczMC1lY2FhLTExZTYtOGY4OC0zNDM2M2JjN2M0YzAiOnsiY3JlYXRlIjoyNDAwMDAwMDAwMDAsImRlbGV0ZSI6MjQwMDAwMDAwMDAwLCJ1cGRhdGUiOjI0MDAwMDAwMDAwMH19",
          "dependencies": [
            "google_compute_backend_bucket.static",
            "google_compute_backend_service.api",
            "google_compute_health_check.default",
            "google_compute_instance_group_manager.api",
            "google_compute_instance_template.api",
            "google_compute_url_map.urlmap",
            "google_storage_bucket.static"
          ]
        }
      ]
    }
  ]
}
