{
  "version": 4,
  "terraform_version": "0.14.4",
  "serial": 38,
  "lineage": "4d570dfc-c7a8-1d6e-44ed-f6b5ca390bde",
  "outputs": {
    "load_balancer_ip_address": {
      "value": "34.98.73.60",
      "type": "string"
    }
  },
  "resources": [
    {
      "mode": "managed",
      "type": "google_compute_backend_bucket",
      "name": "static",
      "provider": "provider[\"registry.terraform.io/hashicorp/google\"]",
      "instances": [
        {
          "schema_version": 0,
          "attributes": {
            "bucket_name": "ait-backend-bucket",
            "cdn_policy": [],
            "creation_timestamp": "2021-02-19T01:37:38.245-08:00",
            "description": "",
            "enable_cdn": false,
            "id": "projects/my-project-6008-302417/global/backendBuckets/ait-backend-backend-bucket",
            "name": "ait-backend-backend-bucket",
            "project": "my-project-6008-302417",
            "self_link": "https://www.googleapis.com/compute/v1/projects/my-project-6008-302417/global/backendBuckets/ait-backend-backend-bucket",
            "timeouts": null
          },
          "sensitive_attributes": [],
          "private": "eyJlMmJmYjczMC1lY2FhLTExZTYtOGY4OC0zNDM2M2JjN2M0YzAiOnsiY3JlYXRlIjoyNDAwMDAwMDAwMDAsImRlbGV0ZSI6MjQwMDAwMDAwMDAwLCJ1cGRhdGUiOjI0MDAwMDAwMDAwMH19",
          "dependencies": [
            "google_storage_bucket.static"
          ]
        }
      ]
    },
    {
      "mode": "managed",
      "type": "google_compute_backend_service",
      "name": "api",
      "provider": "provider[\"registry.terraform.io/hashicorp/google\"]",
      "instances": []
    },
    {
      "mode": "managed",
      "type": "google_compute_firewall",
      "name": "firewall",
      "provider": "provider[\"registry.terraform.io/hashicorp/google\"]",
      "instances": [
        {
          "schema_version": 1,
          "attributes": {
            "allow": [
              {
                "ports": [
                  "80"
                ],
                "protocol": "tcp"
              }
            ],
            "creation_timestamp": "2021-02-19T01:37:36.271-08:00",
            "deny": [],
            "description": "",
            "destination_ranges": [],
            "direction": "INGRESS",
            "disabled": false,
            "enable_logging": null,
            "id": "projects/my-project-6008-302417/global/firewalls/ait-backend-fw",
            "log_config": [],
            "name": "ait-backend-fw",
            "network": "https://www.googleapis.com/compute/v1/projects/my-project-6008-302417/global/networks/default",
            "priority": 1000,
            "project": "my-project-6008-302417",
            "self_link": "https://www.googleapis.com/compute/v1/projects/my-project-6008-302417/global/firewalls/ait-backend-fw",
            "source_ranges": [
              "130.211.0.0/22",
              "35.191.0.0/16"
            ],
            "source_service_accounts": null,
            "source_tags": [
              "http-server"
            ],
            "target_service_accounts": null,
            "target_tags": [
              "http-server"
            ],
            "timeouts": null
          },
          "sensitive_attributes": [],
          "private": "eyJlMmJmYjczMC1lY2FhLTExZTYtOGY4OC0zNDM2M2JjN2M0YzAiOnsiY3JlYXRlIjoyNDAwMDAwMDAwMDAsImRlbGV0ZSI6MjQwMDAwMDAwMDAwLCJ1cGRhdGUiOjI0MDAwMDAwMDAwMH0sInNjaGVtYV92ZXJzaW9uIjoiMSJ9"
        }
      ]
    },
    {
      "mode": "managed",
      "type": "google_compute_health_check",
      "name": "default",
      "provider": "provider[\"registry.terraform.io/hashicorp/google\"]",
      "instances": [
        {
          "schema_version": 0,
          "attributes": {
            "check_interval_sec": 5,
            "creation_timestamp": "2021-02-19T01:37:36.114-08:00",
            "description": "",
            "grpc_health_check": [],
            "healthy_threshold": 2,
            "http2_health_check": [],
            "http_health_check": [
              {
                "host": "",
                "port": 80,
                "port_name": "",
                "port_specification": "",
                "proxy_header": "NONE",
                "request_path": "/api",
                "response": ""
              }
            ],
            "https_health_check": [],
            "id": "projects/my-project-6008-302417/global/healthChecks/ait-backend-hc",
            "name": "ait-backend-hc",
            "project": "my-project-6008-302417",
            "self_link": "https://www.googleapis.com/compute/v1/projects/my-project-6008-302417/global/healthChecks/ait-backend-hc",
            "ssl_health_check": [],
            "tcp_health_check": [],
            "timeout_sec": 5,
            "timeouts": null,
            "type": "HTTP",
            "unhealthy_threshold": 2
          },
          "sensitive_attributes": [],
          "private": "eyJlMmJmYjczMC1lY2FhLTExZTYtOGY4OC0zNDM2M2JjN2M0YzAiOnsiY3JlYXRlIjoyNDAwMDAwMDAwMDAsImRlbGV0ZSI6MjQwMDAwMDAwMDAwLCJ1cGRhdGUiOjI0MDAwMDAwMDAwMH19"
        }
      ]
    },
    {
      "mode": "managed",
      "type": "google_compute_instance_group",
      "name": "api",
      "provider": "provider[\"registry.terraform.io/hashicorp/google\"]",
      "instances": []
    },
    {
      "mode": "managed",
      "type": "google_compute_url_map",
      "name": "urlmap",
      "provider": "provider[\"registry.terraform.io/hashicorp/google\"]",
      "instances": []
    },
    {
      "mode": "managed",
      "type": "google_storage_bucket",
      "name": "static",
      "provider": "provider[\"registry.terraform.io/hashicorp/google\"]",
      "instances": [
        {
          "schema_version": 0,
          "attributes": {
            "bucket_policy_only": false,
            "cors": [],
            "default_event_based_hold": false,
            "encryption": [],
            "force_destroy": true,
            "id": "ait-backend-bucket",
            "labels": null,
            "lifecycle_rule": [],
            "location": "US",
            "logging": [],
            "name": "ait-backend-bucket",
            "project": "my-project-6008-302417",
            "requester_pays": false,
            "retention_policy": [],
            "self_link": "https://www.googleapis.com/storage/v1/b/ait-backend-bucket",
            "storage_class": "MULTI_REGIONAL",
            "uniform_bucket_level_access": false,
            "url": "gs://ait-backend-bucket",
            "versioning": [],
            "website": [
              {
                "main_page_suffix": "index.html",
                "not_found_page": "404.html"
              }
            ]
          },
          "sensitive_attributes": [],
          "private": "bnVsbA=="
        }
      ]
    },
    {
      "mode": "managed",
      "type": "google_storage_bucket_object",
      "name": "index",
      "provider": "provider[\"registry.terraform.io/hashicorp/google\"]",
      "instances": [
        {
          "schema_version": 0,
          "attributes": {
            "bucket": "ait-backend-bucket",
            "cache_control": "",
            "content": "Hello, World!",
            "content_disposition": "",
            "content_encoding": "",
            "content_language": "",
            "content_type": "text/plain; charset=utf-8",
            "crc32c": "TVUQaA==",
            "detect_md5hash": "ZajifYh5KDgxtmS9i38K1A==",
            "id": "ait-backend-bucket-index.html",
            "md5hash": "ZajifYh5KDgxtmS9i38K1A==",
            "media_link": "https://storage.googleapis.com/download/storage/v1/b/ait-backend-bucket/o/index.html?generation=1613727460343111\u0026alt=media",
            "metadata": null,
            "name": "index.html",
            "output_name": "index.html",
            "self_link": "https://www.googleapis.com/storage/v1/b/ait-backend-bucket/o/index.html",
            "source": null,
            "storage_class": "MULTI_REGIONAL"
          },
          "sensitive_attributes": [],
          "private": "bnVsbA==",
          "dependencies": [
            "google_storage_bucket.static",
            "google_storage_default_object_acl.website_acl"
          ]
        }
      ]
    },
    {
      "mode": "managed",
      "type": "google_storage_bucket_object",
      "name": "not_found",
      "provider": "provider[\"registry.terraform.io/hashicorp/google\"]",
      "instances": [
        {
          "schema_version": 0,
          "attributes": {
            "bucket": "ait-backend-bucket",
            "cache_control": "",
            "content": "Uh oh",
            "content_disposition": "",
            "content_encoding": "",
            "content_language": "",
            "content_type": "text/plain; charset=utf-8",
            "crc32c": "wiybnA==",
            "detect_md5hash": "d0XQ/ywTPACMWw38GXdeYg==",
            "id": "ait-backend-bucket-404.html",
            "md5hash": "d0XQ/ywTPACMWw38GXdeYg==",
            "media_link": "https://storage.googleapis.com/download/storage/v1/b/ait-backend-bucket/o/404.html?generation=1613727460369085\u0026alt=media",
            "metadata": null,
            "name": "404.html",
            "output_name": "404.html",
            "self_link": "https://www.googleapis.com/storage/v1/b/ait-backend-bucket/o/404.html",
            "source": null,
            "storage_class": "MULTI_REGIONAL"
          },
          "sensitive_attributes": [],
          "private": "bnVsbA==",
          "dependencies": [
            "google_storage_bucket.static",
            "google_storage_default_object_acl.website_acl"
          ]
        }
      ]
    },
    {
      "mode": "managed",
      "type": "google_storage_default_object_acl",
      "name": "website_acl",
      "provider": "provider[\"registry.terraform.io/hashicorp/google\"]",
      "instances": [
        {
          "schema_version": 0,
          "attributes": {
            "bucket": "ait-backend-bucket",
            "id": "ait-backend-bucket",
            "role_entity": [
              "READER:allUsers"
            ]
          },
          "sensitive_attributes": [],
          "private": "bnVsbA==",
          "dependencies": [
            "google_storage_bucket.static"
          ]
        }
      ]
    },
    {
      "module": "module.lb",
      "mode": "managed",
      "type": "google_compute_global_address",
      "name": "default",
      "provider": "provider[\"registry.terraform.io/hashicorp/google\"]",
      "instances": [
        {
          "schema_version": 0,
          "attributes": {
            "address": "34.98.73.60",
            "address_type": "EXTERNAL",
            "creation_timestamp": "2021-02-19T01:37:36.125-08:00",
            "description": "",
            "id": "projects/my-project-6008-302417/global/addresses/ait-backend-address",
            "ip_version": "",
            "name": "ait-backend-address",
            "network": "",
            "prefix_length": 0,
            "project": "my-project-6008-302417",
            "purpose": "",
            "self_link": "https://www.googleapis.com/compute/v1/projects/my-project-6008-302417/global/addresses/ait-backend-address",
            "timeouts": null
          },
          "sensitive_attributes": [],
          "private": "eyJlMmJmYjczMC1lY2FhLTExZTYtOGY4OC0zNDM2M2JjN2M0YzAiOnsiY3JlYXRlIjoyNDAwMDAwMDAwMDAsImRlbGV0ZSI6MjQwMDAwMDAwMDAwfX0="
        }
      ]
    },
    {
      "module": "module.lb",
      "mode": "managed",
      "type": "google_compute_global_forwarding_rule",
      "name": "http",
      "provider": "provider[\"registry.terraform.io/hashicorp/google-beta\"]",
      "instances": []
    },
    {
      "module": "module.lb",
      "mode": "managed",
      "type": "google_compute_target_http_proxy",
      "name": "http",
      "provider": "provider[\"registry.terraform.io/hashicorp/google\"]",
      "instances": []
    }
  ]
}
